version: 6
environments:
  default:
    channels:
    - url: https://prefix.dev/conda-forge/
    packages:
      osx-arm64:
      - conda: https://prefix.dev/conda-forge/osx-arm64/rust-1.89.0-h4ff7c5d_0.conda
      - conda: https://prefix.dev/conda-forge/noarch/rust-src-1.89.0-unix_0.conda
      - conda: https://prefix.dev/conda-forge/noarch/rust-std-aarch64-apple-darwin-1.89.0-hf6ec828_0.conda
packages:
- conda: https://prefix.dev/conda-forge/osx-arm64/rust-1.89.0-h4ff7c5d_0.conda
  sha256: cea00732dc2a51defda5ce5a0fcb334da2613930f5f2f9079ee5fcc22eae7486
  md5: 796e88939e7360dfb9e26ed78b9fa6ee
  depends:
  - rust-std-aarch64-apple-darwin 1.89.0 hf6ec828_0
  license: MIT
  license_family: MIT
  size: 230462759
  timestamp: 1754659707516
- conda: https://prefix.dev/conda-forge/noarch/rust-src-1.89.0-unix_0.conda
  sha256: 4299a72c9430fe6b8d73d52fb97bbcf241336966531b6281b0d1190c0bcdd7c1
  md5: 7581f796c775dca1f095e421c5d2565f
  depends:
  - __unix
  constrains:
  - rust >=1.89.0,<1.89.1.0a0
  license: MIT
  license_family: MIT
  size: 4073060
  timestamp: 1754659534828
- conda: https://prefix.dev/conda-forge/noarch/rust-std-aarch64-apple-darwin-1.89.0-hf6ec828_0.conda
  sha256: 38afa19e77e682c9802ccbb2dd822362918c968b04d7331716aae33c3f601719
  md5: 4a76b5b647ec0ad20092798774cca2fb
  depends:
  - __unix
  constrains:
  - rust >=1.89.0,<1.89.1.0a0
  license: MIT
  license_family: MIT
  size: 34368223
  timestamp: 1754659525934
