version: 7
platforms:
- name: osx-arm64
  virtual-packages:
  - __unix=0=0
  - __osx=13.0
  - __archspec=0=m1
environments:
  default:
    channels:
    - url: https://conda.anaconda.org/conda-forge/
    packages:
      osx-arm64:
      - conda: https://conda.anaconda.org/conda-forge/noarch/rust-src-1.98.1-unix_2.conda
      - conda: https://conda.anaconda.org/conda-forge/noarch/rust-std-aarch64-apple-darwin-1.98.1-hf6ec828_2.conda
      - conda: https://conda.anaconda.org/conda-forge/osx-arm64/rust-1.98.1-h4ff7c5d_2.conda
      - conda: https://conda.anaconda.org/conda-forge/osx-arm64/sccache-0.18.0-hc2d82ec_0.conda
packages:
- conda: https://conda.anaconda.org/conda-forge/noarch/rust-src-1.98.1-unix_2.conda
  sha256: 7301a75d54d8f7022358cc13b8d1422a526a3af1a0cb9605573888f68f4301ed
  md5: 7c3ae3b5ef88a5b52d9c192eba916dac
  depends:
  - __unix
  constrains:
  - rust >=1.98.1,<1.98.2.0a0
  license: MIT
  license_family: MIT
  run_exports: {}
  size: 7133672
  timestamp: 1788887486694
- conda: https://conda.anaconda.org/conda-forge/noarch/rust-std-aarch64-apple-darwin-1.98.1-hf6ec828_2.conda
  sha256: c88fbaa6dd94dab30d2e7814d369d05f653e5232f04473d65fa2bcdc31207ec4
  md5: 77402d6883efe412b63aa5089c11ae91
  depends:
  - __unix
  constrains:
  - rust >=1.98.1,<1.98.2.0a0
  license: MIT
  license_family: MIT
  run_exports: {}
  size: 35527854
  timestamp: 1788886991045
- conda: https://conda.anaconda.org/conda-forge/osx-arm64/rust-1.98.1-h4ff7c5d_2.conda
  sha256: ceac23ee119e64ff51f64b743eebabe1ca99c8795e924abaebfba2ccac478d02
  md5: 0ba7e1825eb22abab436c6353f6932c2
  depends:
  - rust-std-aarch64-apple-darwin 1.98.1 hf6ec828_2
  license: MIT
  license_family: MIT
  run_exports: {}
  size: 105729132
  timestamp: 1788887063099
- conda: https://conda.anaconda.org/conda-forge/osx-arm64/sccache-0.18.0-hc2d82ec_0.conda
  sha256: 002785be1e019134d2fd281969215d769532dce890b6b36806e15292ab8a4414
  md5: 6fc9abb418667deeeea744e05284547d
  depends:
  - __osx >=11.0
  constrains:
  - __osx >=11.0
  license: Apache-2.0
  license_family: APACHE
  run_exports: {}
  size: 6653687
  timestamp: 1789877406503
